
Microsoft Visual Studio Solution File, Format Version 12.00
# Visual Studio Version 16
VisualStudioVersion = 16.0.30621.155
MinimumVisualStudioVersion = 10.0.40219.1
Project("{FAE04EC0-301F-11D3-BF4B-00C04F79EFBC}") = "Eccomerce", "Eccomerce\Eccomerce.csproj", "{DED1ED8A-37B0-4BD6-BE00-6BEDB33BCC5E}"
EndProject
Global
	GlobalSection(SolutionConfigurationPlatforms) = preSolution
		Debug|Any CPU = Debug|Any CPU
		Release|Any CPU = Release|Any CPU
	EndGlobalSection
	GlobalSection(ProjectConfigurationPlatforms) = postSolution
		{DED1ED8A-37B0-4BD6-BE00-6BEDB33BCC5E}.Debug|Any CPU.ActiveCfg = Debug|Any CPU
		{DED1ED8A-37B0-4BD6-BE00-6BEDB33BCC5E}.Debug|Any CPU.Build.0 = Debug|Any CPU
		{DED1ED8A-37B0-4BD6-BE00-6BEDB33BCC5E}.Release|Any CPU.ActiveCfg = Release|Any CPU
		{DED1ED8A-37B0-4BD6-BE00-6BEDB33BCC5E}.Release|Any CPU.Build.0 = Release|Any CPU
	EndGlobalSection
	GlobalSection(SolutionProperties) = preSolution
		HideSolutionNode = FALSE
	EndGlobalSection
	GlobalSection(ExtensibilityGlobals) = postSolution
		SolutionGuid = {172F91F6-1E29-4036-A2FC-D2BC2C31EC5E}
	EndGlobalSection
EndGlobal
